
Terraform used the selected providers to generate the following execution
plan. Resource actions are indicated with the following symbols:
  + create

Terraform will perform the following actions:

  # google_bigquery_dataset.tf_dataset will be created
  + resource "google_bigquery_dataset" "tf_dataset" {
      + creation_time              = (known after apply)
      + dataset_id                 = "my_tf_dataset"
      + default_collation          = (known after apply)
      + delete_contents_on_destroy = false
      + effective_labels           = {
          + "goog-terraform-provisioned" = "true"
        }
      + etag                       = (known after apply)
      + id                         = (known after apply)
      + is_case_insensitive        = (known after apply)
      + last_modified_time         = (known after apply)
      + location                   = "us-central1"
      + max_time_travel_hours      = (known after apply)
      + project                    = "terraformtest-472218"
      + self_link                  = (known after apply)
      + storage_billing_model      = (known after apply)
      + terraform_labels           = {
          + "goog-terraform-provisioned" = "true"
        }

      + access (known after apply)
    }

  # google_compute_instance.tf_vm will be created
  + resource "google_compute_instance" "tf_vm" {
      + can_ip_forward       = false
      + cpu_platform         = (known after apply)
      + creation_timestamp   = (known after apply)
      + current_status       = (known after apply)
      + deletion_protection  = false
      + effective_labels     = {
          + "goog-terraform-provisioned" = "true"
        }
      + id                   = (known after apply)
      + instance_id          = (known after apply)
      + label_fingerprint    = (known after apply)
      + machine_type         = "e2-micro"
      + metadata_fingerprint = (known after apply)
      + min_cpu_platform     = (known after apply)
      + name                 = "my-tf-vm"
      + project              = "terraformtest-472218"
      + self_link            = (known after apply)
      + tags_fingerprint     = (known after apply)
      + terraform_labels     = {
          + "goog-terraform-provisioned" = "true"
        }
      + zone                 = "us-central1-a"

      + boot_disk {
          + auto_delete                = true
          + device_name                = (known after apply)
          + disk_encryption_key_sha256 = (known after apply)
          + guest_os_features          = (known after apply)
          + kms_key_self_link          = (known after apply)
          + mode                       = "READ_WRITE"
          + source                     = (known after apply)

          + initialize_params {
              + architecture           = (known after apply)
              + image                  = "debian-cloud/debian-11"
              + labels                 = (known after apply)
              + provisioned_iops       = (known after apply)
              + provisioned_throughput = (known after apply)
              + resource_policies      = (known after apply)
              + size                   = (known after apply)
              + snapshot               = (known after apply)
              + type                   = (known after apply)
            }
        }

      + confidential_instance_config (known after apply)

      + guest_accelerator (known after apply)

      + network_interface {
          + internal_ipv6_prefix_length = (known after apply)
          + ipv6_access_type            = (known after apply)
          + ipv6_address                = (known after apply)
          + name                        = (known after apply)
          + network                     = "default"
          + network_attachment          = (known after apply)
          + network_ip                  = (known after apply)
          + stack_type                  = (known after apply)
          + subnetwork                  = (known after apply)
          + subnetwork_project          = (known after apply)

          + access_config {
              + nat_ip       = (known after apply)
              + network_tier = (known after apply)
            }
        }

      + reservation_affinity (known after apply)

      + scheduling (known after apply)
    }

  # google_storage_bucket.tf_bucket will be created
  + resource "google_storage_bucket" "tf_bucket" {
      + effective_labels            = {
          + "goog-terraform-provisioned" = "true"
        }
      + force_destroy               = true
      + id                          = (known after apply)
      + location                    = "US-CENTRAL1"
      + name                        = "my-sample-tf-bucket-12345"
      + project                     = (known after apply)
      + project_number              = (known after apply)
      + public_access_prevention    = (known after apply)
      + rpo                         = (known after apply)
      + self_link                   = (known after apply)
      + storage_class               = "STANDARD"
      + terraform_labels            = {
          + "goog-terraform-provisioned" = "true"
        }
      + time_created                = (known after apply)
      + uniform_bucket_level_access = (known after apply)
      + updated                     = (known after apply)
      + url                         = (known after apply)

      + soft_delete_policy (known after apply)

      + versioning (known after apply)

      + website (known after apply)
    }

Plan: 3 to add, 0 to change, 0 to destroy.

─────────────────────────────────────────────────────────────────────────────

Note: You didn't use the -out option to save this plan, so Terraform can't
guarantee to take exactly these actions if you run "terraform apply" now.
